
Microsoft Visual Studio Solution File, Format Version 12.00
# Visual Studio 15
VisualStudioVersion = 15.0.27130.2003
MinimumVisualStudioVersion = 10.0.40219.1
Project("{8BC9CEB8-8B4A-11D0-8D11-00A0C91BC942}") = "Es2", "Es2.vcxproj", "{AC2C7C41-926B-4FC7-9210-BC3B0B71A0A8}"
EndProject
Global
	GlobalSection(SolutionConfigurationPlatforms) = preSolution
		Debug|x64 = Debug|x64
		Debug|x86 = Debug|x86
		Release|x64 = Release|x64
		Release|x86 = Release|x86
	EndGlobalSection
	GlobalSection(ProjectConfigurationPlatforms) = postSolution
		{AC2C7C41-926B-4FC7-9210-BC3B0B71A0A8}.Debug|x64.ActiveCfg = Debug|x64
		{AC2C7C41-926B-4FC7-9210-BC3B0B71A0A8}.Debug|x64.Build.0 = Debug|x64
		{AC2C7C41-926B-4FC7-9210-BC3B0B71A0A8}.Debug|x86.ActiveCfg = Debug|Win32
		{AC2C7C41-926B-4FC7-9210-BC3B0B71A0A8}.Debug|x86.Build.0 = Debug|Win32
		{AC2C7C41-926B-4FC7-9210-BC3B0B71A0A8}.Release|x64.ActiveCfg = Release|x64
		{AC2C7C41-926B-4FC7-9210-BC3B0B71A0A8}.Release|x64.Build.0 = Release|x64
		{AC2C7C41-926B-4FC7-9210-BC3B0B71A0A8}.Release|x86.ActiveCfg = Release|Win32
		{AC2C7C41-926B-4FC7-9210-BC3B0B71A0A8}.Release|x86.Build.0 = Release|Win32
	EndGlobalSection
	GlobalSection(SolutionProperties) = preSolution
		HideSolutionNode = FALSE
	EndGlobalSection
	GlobalSection(ExtensibilityGlobals) = postSolution
		SolutionGuid = {1C597C51-24BE-4071-B2EA-90B923B92F90}
	EndGlobalSection
EndGlobal
