
Microsoft Visual Studio Solution File, Format Version 12.00
# Visual Studio 15
VisualStudioVersion = 15.0.27130.2003
MinimumVisualStudioVersion = 10.0.40219.1
Project("{8BC9CEB8-8B4A-11D0-8D11-00A0C91BC942}") = "Es1", "Es1.vcxproj", "{77C4C043-E978-46D2-BA40-82D87C4ED8FF}"
EndProject
Global
	GlobalSection(SolutionConfigurationPlatforms) = preSolution
		Debug|x64 = Debug|x64
		Debug|x86 = Debug|x86
		Release|x64 = Release|x64
		Release|x86 = Release|x86
	EndGlobalSection
	GlobalSection(ProjectConfigurationPlatforms) = postSolution
		{77C4C043-E978-46D2-BA40-82D87C4ED8FF}.Debug|x64.ActiveCfg = Debug|x64
		{77C4C043-E978-46D2-BA40-82D87C4ED8FF}.Debug|x64.Build.0 = Debug|x64
		{77C4C043-E978-46D2-BA40-82D87C4ED8FF}.Debug|x86.ActiveCfg = Debug|Win32
		{77C4C043-E978-46D2-BA40-82D87C4ED8FF}.Debug|x86.Build.0 = Debug|Win32
		{77C4C043-E978-46D2-BA40-82D87C4ED8FF}.Release|x64.ActiveCfg = Release|x64
		{77C4C043-E978-46D2-BA40-82D87C4ED8FF}.Release|x64.Build.0 = Release|x64
		{77C4C043-E978-46D2-BA40-82D87C4ED8FF}.Release|x86.ActiveCfg = Release|Win32
		{77C4C043-E978-46D2-BA40-82D87C4ED8FF}.Release|x86.Build.0 = Release|Win32
	EndGlobalSection
	GlobalSection(SolutionProperties) = preSolution
		HideSolutionNode = FALSE
	EndGlobalSection
	GlobalSection(ExtensibilityGlobals) = postSolution
		SolutionGuid = {E0FFEFFD-077A-454F-B8BB-9851C9D4F951}
	EndGlobalSection
EndGlobal
