
Microsoft Visual Studio Solution File, Format Version 12.00
# Visual Studio 15
VisualStudioVersion = 15.0.27130.2003
MinimumVisualStudioVersion = 10.0.40219.1
Project("{8BC9CEB8-8B4A-11D0-8D11-00A0C91BC942}") = "Es2", "Es2.vcxproj", "{D922F920-08FA-47DB-AAD0-BAA538C05143}"
EndProject
Global
	GlobalSection(SolutionConfigurationPlatforms) = preSolution
		Debug|x64 = Debug|x64
		Debug|x86 = Debug|x86
		Release|x64 = Release|x64
		Release|x86 = Release|x86
	EndGlobalSection
	GlobalSection(ProjectConfigurationPlatforms) = postSolution
		{D922F920-08FA-47DB-AAD0-BAA538C05143}.Debug|x64.ActiveCfg = Debug|x64
		{D922F920-08FA-47DB-AAD0-BAA538C05143}.Debug|x64.Build.0 = Debug|x64
		{D922F920-08FA-47DB-AAD0-BAA538C05143}.Debug|x86.ActiveCfg = Debug|Win32
		{D922F920-08FA-47DB-AAD0-BAA538C05143}.Debug|x86.Build.0 = Debug|Win32
		{D922F920-08FA-47DB-AAD0-BAA538C05143}.Release|x64.ActiveCfg = Release|x64
		{D922F920-08FA-47DB-AAD0-BAA538C05143}.Release|x64.Build.0 = Release|x64
		{D922F920-08FA-47DB-AAD0-BAA538C05143}.Release|x86.ActiveCfg = Release|Win32
		{D922F920-08FA-47DB-AAD0-BAA538C05143}.Release|x86.Build.0 = Release|Win32
	EndGlobalSection
	GlobalSection(SolutionProperties) = preSolution
		HideSolutionNode = FALSE
	EndGlobalSection
	GlobalSection(ExtensibilityGlobals) = postSolution
		SolutionGuid = {5EC05339-233F-4587-9BB7-6BC0D3F0DB44}
	EndGlobalSection
EndGlobal
